
Microsoft Visual Studio Solution File, Format Version 12.00
# Visual Studio 15
VisualStudioVersion = 15.0.28010.2048
MinimumVisualStudioVersion = 10.0.40219.1
Project("{FAE04EC0-301F-11D3-BF4B-00C04F79EFBC}") = "ScreenCapture", "ScreenCapture\ScreenCapture.csproj", "{E76DF409-7D9E-4122-ACA4-B62C49076CC8}"
EndProject
Global
	GlobalSection(SolutionConfigurationPlatforms) = preSolution
		All|Any CPU = All|Any CPU
		All|x86 = All|x86
		Debug|Any CPU = Debug|Any CPU
		Debug|x86 = Debug|x86
		Release|Any CPU = Release|Any CPU
		Release|x86 = Release|x86
	EndGlobalSection
	GlobalSection(ProjectConfigurationPlatforms) = postSolution
		{E76DF409-7D9E-4122-ACA4-B62C49076CC8}.All|Any CPU.ActiveCfg = Release|Any CPU
		{E76DF409-7D9E-4122-ACA4-B62C49076CC8}.All|Any CPU.Build.0 = Release|Any CPU
		{E76DF409-7D9E-4122-ACA4-B62C49076CC8}.All|x86.ActiveCfg = Release|Any CPU
		{E76DF409-7D9E-4122-ACA4-B62C49076CC8}.All|x86.Build.0 = Release|Any CPU
		{E76DF409-7D9E-4122-ACA4-B62C49076CC8}.Debug|Any CPU.ActiveCfg = Debug|Any CPU
		{E76DF409-7D9E-4122-ACA4-B62C49076CC8}.Debug|Any CPU.Build.0 = Debug|Any CPU
		{E76DF409-7D9E-4122-ACA4-B62C49076CC8}.Debug|x86.ActiveCfg = Debug|Any CPU
		{E76DF409-7D9E-4122-ACA4-B62C49076CC8}.Debug|x86.Build.0 = Debug|Any CPU
		{E76DF409-7D9E-4122-ACA4-B62C49076CC8}.Release|Any CPU.ActiveCfg = Release|Any CPU
		{E76DF409-7D9E-4122-ACA4-B62C49076CC8}.Release|Any CPU.Build.0 = Release|Any CPU
		{E76DF409-7D9E-4122-ACA4-B62C49076CC8}.Release|x86.ActiveCfg = Release|Any CPU
		{E76DF409-7D9E-4122-ACA4-B62C49076CC8}.Release|x86.Build.0 = Release|Any CPU
	EndGlobalSection
	GlobalSection(SolutionProperties) = preSolution
		HideSolutionNode = FALSE
	EndGlobalSection
	GlobalSection(ExtensibilityGlobals) = postSolution
		SolutionGuid = {DFF9CB05-C7A1-4D7F-9327-71596FBF75E5}
	EndGlobalSection
EndGlobal
